Microsoft Visual Studio Solution File, Format Version 12.00
# Visual Studio 15
VisualStudioVersion = 15.0.26730.16
MinimumVisualStudioVersion = 10.0.40219.1
Project("{FAE04EC0-301F-11D3-BF4B-00C04F79EFBC}") = "TreeLibDemo", "TreeLibDemo\TreeLibDemo.csproj", "{45414A0F-D85D-435F-95E8-E7FD6BA2716F}"
EndProject
Project("{9A19103F-16F7-4668-BE54-9A1E7A4F7556}") = "TreeLib", "TreeLib\TreeLib.csproj", "{7768B30A-FD1C-4994-97DD-C06F959FBE21}"
EndProject
Global
	GlobalSection(SolutionConfigurationPlatforms) = preSolution
		Debug|Any CPU = Debug|Any CPU
		Release|Any CPU = Release|Any CPU
	EndGlobalSection
	GlobalSection(ProjectConfigurationPlatforms) = postSolution
		{45414A0F-D85D-435F-95E8-E7FD6BA2716F}.Debug|Any CPU.ActiveCfg = Debug|Any CPU
		{45414A0F-D85D-435F-95E8-E7FD6BA2716F}.Debug|Any CPU.Build.0 = Debug|Any CPU
		{45414A0F-D85D-435F-95E8-E7FD6BA2716F}.Release|Any CPU.ActiveCfg = Release|Any CPU
		{45414A0F-D85D-435F-95E8-E7FD6BA2716F}.Release|Any CPU.Build.0 = Release|Any CPU
		{7768B30A-FD1C-4994-97DD-C06F959FBE21}.Debug|Any CPU.ActiveCfg = Debug|Any CPU
		{7768B30A-FD1C-4994-97DD-C06F959FBE21}.Debug|Any CPU.Build.0 = Debug|Any CPU
		{7768B30A-FD1C-4994-97DD-C06F959FBE21}.Release|Any CPU.ActiveCfg = Release|Any CPU
		{7768B30A-FD1C-4994-97DD-C06F959FBE21}.Release|Any CPU.Build.0 = Release|Any CPU
	EndGlobalSection
	GlobalSection(SolutionProperties) = preSolution
		HideSolutionNode = FALSE
	EndGlobalSection
	GlobalSection(ExtensibilityGlobals) = postSolution
		SolutionGuid = {15B61454-7140-4B65-B517-5C3C0E97B683}
	EndGlobalSection
EndGlobal
